
Microsoft Visual Studio Solution File, Format Version 12.00
# Visual Studio 15
VisualStudioVersion = 15.0.28307.852
MinimumVisualStudioVersion = 10.0.40219.1
Project("{8BC9CEB8-8B4A-11D0-8D11-00A0C91BC942}") = "simpleCreateWindows", "simpleCreateWindows\simpleCreateWindows.vcxproj", "{B1256047-75EB-4554-8054-1D09644CE6A4}"
EndProject
Project("{8BC9CEB8-8B4A-11D0-8D11-00A0C91BC942}") = "redBookCh1", "redBookCh1\redBookCh1.vcxproj", "{F573C71A-C3A3-4253-B2D1-EC06389A0B47}"
EndProject
Project("{8BC9CEB8-8B4A-11D0-8D11-00A0C91BC942}") = "redBookCh8", "redBookCh8\redBookCh8.vcxproj", "{6CA241F3-8982-4011-8425-417900BCD52A}"
EndProject
Project("{8BC9CEB8-8B4A-11D0-8D11-00A0C91BC942}") = "redBookCh9", "redBookCh9\redBookCh9.vcxproj", "{16DA3487-2FBE-41B1-9B3C-160FA351A12D}"
EndProject
Project("{8BC9CEB8-8B4A-11D0-8D11-00A0C91BC942}") = "redBookCh2", "redBookCh2\redBookCh2.vcxproj", "{2D2D7552-7859-4F0D-93DB-61CB81A7FEA3}"
EndProject
Global
	GlobalSection(SolutionConfigurationPlatforms) = preSolution
		Debug|x64 = Debug|x64
		Debug|x86 = Debug|x86
		Release|x64 = Release|x64
		Release|x86 = Release|x86
	EndGlobalSection
	GlobalSection(ProjectConfigurationPlatforms) = postSolution
		{B1256047-75EB-4554-8054-1D09644CE6A4}.Debug|x64.ActiveCfg = Debug|x64
		{B1256047-75EB-4554-8054-1D09644CE6A4}.Debug|x64.Build.0 = Debug|x64
		{B1256047-75EB-4554-8054-1D09644CE6A4}.Debug|x86.ActiveCfg = Debug|Win32
		{B1256047-75EB-4554-8054-1D09644CE6A4}.Debug|x86.Build.0 = Debug|Win32
		{B1256047-75EB-4554-8054-1D09644CE6A4}.Release|x64.ActiveCfg = Release|x64
		{B1256047-75EB-4554-8054-1D09644CE6A4}.Release|x64.Build.0 = Release|x64
		{B1256047-75EB-4554-8054-1D09644CE6A4}.Release|x86.ActiveCfg = Release|Win32
		{B1256047-75EB-4554-8054-1D09644CE6A4}.Release|x86.Build.0 = Release|Win32
		{F573C71A-C3A3-4253-B2D1-EC06389A0B47}.Debug|x64.ActiveCfg = Debug|x64
		{F573C71A-C3A3-4253-B2D1-EC06389A0B47}.Debug|x64.Build.0 = Debug|x64
		{F573C71A-C3A3-4253-B2D1-EC06389A0B47}.Debug|x86.ActiveCfg = Debug|Win32
		{F573C71A-C3A3-4253-B2D1-EC06389A0B47}.Debug|x86.Build.0 = Debug|Win32
		{F573C71A-C3A3-4253-B2D1-EC06389A0B47}.Release|x64.ActiveCfg = Release|x64
		{F573C71A-C3A3-4253-B2D1-EC06389A0B47}.Release|x64.Build.0 = Release|x64
		{F573C71A-C3A3-4253-B2D1-EC06389A0B47}.Release|x86.ActiveCfg = Release|Win32
		{F573C71A-C3A3-4253-B2D1-EC06389A0B47}.Release|x86.Build.0 = Release|Win32
		{6CA241F3-8982-4011-8425-417900BCD52A}.Debug|x64.ActiveCfg = Debug|x64
		{6CA241F3-8982-4011-8425-417900BCD52A}.Debug|x64.Build.0 = Debug|x64
		{6CA241F3-8982-4011-8425-417900BCD52A}.Debug|x86.ActiveCfg = Debug|Win32
		{6CA241F3-8982-4011-8425-417900BCD52A}.Debug|x86.Build.0 = Debug|Win32
		{6CA241F3-8982-4011-8425-417900BCD52A}.Release|x64.ActiveCfg = Release|x64
		{6CA241F3-8982-4011-8425-417900BCD52A}.Release|x64.Build.0 = Release|x64
		{6CA241F3-8982-4011-8425-417900BCD52A}.Release|x86.ActiveCfg = Release|Win32
		{6CA241F3-8982-4011-8425-417900BCD52A}.Release|x86.Build.0 = Release|Win32
		{16DA3487-2FBE-41B1-9B3C-160FA351A12D}.Debug|x64.ActiveCfg = Debug|x64
		{16DA3487-2FBE-41B1-9B3C-160FA351A12D}.Debug|x64.Build.0 = Debug|x64
		{16DA3487-2FBE-41B1-9B3C-160FA351A12D}.Debug|x86.ActiveCfg = Debug|Win32
		{16DA3487-2FBE-41B1-9B3C-160FA351A12D}.Debug|x86.Build.0 = Debug|Win32
		{16DA3487-2FBE-41B1-9B3C-160FA351A12D}.Release|x64.ActiveCfg = Release|x64
		{16DA3487-2FBE-41B1-9B3C-160FA351A12D}.Release|x64.Build.0 = Release|x64
		{16DA3487-2FBE-41B1-9B3C-160FA351A12D}.Release|x86.ActiveCfg = Release|Win32
		{16DA3487-2FBE-41B1-9B3C-160FA351A12D}.Release|x86.Build.0 = Release|Win32
		{2D2D7552-7859-4F0D-93DB-61CB81A7FEA3}.Debug|x64.ActiveCfg = Debug|x64
		{2D2D7552-7859-4F0D-93DB-61CB81A7FEA3}.Debug|x64.Build.0 = Debug|x64
		{2D2D7552-7859-4F0D-93DB-61CB81A7FEA3}.Debug|x86.ActiveCfg = Debug|Win32
		{2D2D7552-7859-4F0D-93DB-61CB81A7FEA3}.Debug|x86.Build.0 = Debug|Win32
		{2D2D7552-7859-4F0D-93DB-61CB81A7FEA3}.Release|x64.ActiveCfg = Release|x64
		{2D2D7552-7859-4F0D-93DB-61CB81A7FEA3}.Release|x64.Build.0 = Release|x64
		{2D2D7552-7859-4F0D-93DB-61CB81A7FEA3}.Release|x86.ActiveCfg = Release|Win32
		{2D2D7552-7859-4F0D-93DB-61CB81A7FEA3}.Release|x86.Build.0 = Release|Win32
	EndGlobalSection
	GlobalSection(SolutionProperties) = preSolution
		HideSolutionNode = FALSE
	EndGlobalSection
	GlobalSection(ExtensibilityGlobals) = postSolution
		SolutionGuid = {044D054E-4B23-4A22-A93B-12F5CD7C65F6}
	EndGlobalSection
EndGlobal
